schema: '2.0'
stages:
  bronze:
    cmd: python src/bronze.py
    deps:
    - path: data/incoming
      hash: md5
      md5: bdd8c521eb7a5d6bf41415fd96f88048.dir
      size: 18356
      nfiles: 1
    - path: src/bronze.py
      hash: md5
      md5: 7fac517cecc149568c4d7b0f3ccaa8fb
      size: 623
    outs:
    - path: data/bronze/cumulative_raw.csv
      hash: md5
      md5: a031586d3a1f0b8fcd1fa55c1dc14ab0
      size: 18356
  silver:
    cmd: python src/silver.py
    deps:
    - path: data/bronze/cumulative_raw.csv
      hash: md5
      md5: a031586d3a1f0b8fcd1fa55c1dc14ab0
      size: 18356
    - path: src/silver.py
      hash: md5
      md5: 13c2edb22b721c84c6136e3bfe65a744
      size: 957
    outs:
    - path: data/silver/cleaned_data.csv
      hash: md5
      md5: a031586d3a1f0b8fcd1fa55c1dc14ab0
      size: 18356
  gold:
    cmd: python src/gold.py
    deps:
    - path: data/silver/cleaned_data.csv
      hash: md5
      md5: a031586d3a1f0b8fcd1fa55c1dc14ab0
      size: 18356
    - path: src/gold.py
      hash: md5
      md5: bdb6380ae8f1064998d814537edbc1ba
      size: 892
    outs:
    - path: data/gold/ml_ready.csv
      hash: md5
      md5: bc70ee56fc18aca1b5413ded1d58c91d
      size: 14307
  test_data:
    cmd: python src/test_data.py
    deps:
    - path: data/silver/cleaned_data.csv
      hash: md5
      md5: a031586d3a1f0b8fcd1fa55c1dc14ab0
      size: 18356
    - path: src/test_data.py
      hash: md5
      md5: f25961de2388c5c51361b5d1a8419271
      size: 1311
